# THIS IS AN AUTOGENERATED FILE. DO NOT EDIT THIS FILE DIRECTLY.
# yarn lockfile v1


after@0.8.1:
  version "0.8.1"
  resolved "https://registry.yarnpkg.com/after/-/after-0.8.1.tgz#ab5d4fb883f596816d3515f8f791c0af486dd627"

arraybuffer.slice@0.0.6:
  version "0.0.6"
  resolved "https://registry.yarnpkg.com/arraybuffer.slice/-/arraybuffer.slice-0.0.6.tgz#f33b2159f0532a3f3107a272c0ccfbd1ad2979ca"

async@^0.9.0:
  version "0.9.2"
  resolved "https://registry.yarnpkg.com/async/-/async-0.9.2.tgz#aea74d5e61c1f899613bf64bda66d4c78f2fd17d"

attachmediastream@^2.0.0:
  version "2.0.0"
  resolved "https://registry.yarnpkg.com/attachmediastream/-/attachmediastream-2.0.0.tgz#1f51f24edd9e8b79db84b217cd3ef9aa00ba9229"

backo2@1.0.2:
  version "1.0.2"
  resolved "https://registry.yarnpkg.com/backo2/-/backo2-1.0.2.tgz#31ab1ac8b129363463e35b3ebb69f4dfcfba7947"

base64-arraybuffer@0.1.2:
  version "0.1.2"
  resolved "https://registry.yarnpkg.com/base64-arraybuffer/-/base64-arraybuffer-0.1.2.tgz#474df4a9f2da24e05df3158c3b1db3c3cd46a154"

benchmark@1.0.0:
  version "1.0.0"
  resolved "https://registry.yarnpkg.com/benchmark/-/benchmark-1.0.0.tgz#2f1e2fa4c359f11122aa183082218e957e390c73"

better-assert@~1.0.0:
  version "1.0.2"
  resolved "https://registry.yarnpkg.com/better-assert/-/better-assert-1.0.2.tgz#40866b9e1b9e0b55b481894311e68faffaebc522"
  dependencies:
    callsite "1.0.0"

bindings@1.2.x, bindings@~1.2.1:
  version "1.2.1"
  resolved "https://registry.yarnpkg.com/bindings/-/bindings-1.2.1.tgz#14ad6113812d2d37d72e67b4cacb4bb726505f11"

blob@0.0.4:
  version "0.0.4"
  resolved "https://registry.yarnpkg.com/blob/-/blob-0.0.4.tgz#bcf13052ca54463f30f9fc7e95b9a47630a94921"

bufferutil@1.2.x:
  version "1.2.1"
  resolved "https://registry.yarnpkg.com/bufferutil/-/bufferutil-1.2.1.tgz#37be5d36e1e06492221e68d474b1ac58e510cbd7"
  dependencies:
    bindings "1.2.x"
    nan "^2.0.5"

callsite@1.0.0:
  version "1.0.0"
  resolved "https://registry.yarnpkg.com/callsite/-/callsite-1.0.0.tgz#280398e5d664bd74038b6f0905153e6e8af1bc20"

cipher-base@^1.0.1, cipher-base@^1.0.3:
  version "1.0.4"
  resolved "https://registry.yarnpkg.com/cipher-base/-/cipher-base-1.0.4.tgz#8760e4ecc272f4c363532f926d874aae2c1397de"
  dependencies:
    inherits "^2.0.1"
    safe-buffer "^5.0.1"

component-bind@1.0.0:
  version "1.0.0"
  resolved "https://registry.yarnpkg.com/component-bind/-/component-bind-1.0.0.tgz#00c608ab7dcd93897c0009651b1d3a8e1e73bbd1"

component-emitter@1.1.2:
  version "1.1.2"
  resolved "https://registry.yarnpkg.com/component-emitter/-/component-emitter-1.1.2.tgz#296594f2753daa63996d2af08d15a95116c9aec3"

component-inherit@0.0.3:
  version "0.0.3"
  resolved "https://registry.yarnpkg.com/component-inherit/-/component-inherit-0.0.3.tgz#645fc4adf58b72b649d5cae65135619db26ff143"

create-hash@^1.1.0:
  version "1.2.0"
  resolved "https://registry.yarnpkg.com/create-hash/-/create-hash-1.2.0.tgz#889078af11a63756bcfb59bd221996be3a9ef196"
  dependencies:
    cipher-base "^1.0.1"
    inherits "^2.0.1"
    md5.js "^1.3.4"
    ripemd160 "^2.0.1"
    sha.js "^2.4.0"

create-hmac@^1.1.3:
  version "1.1.7"
  resolved "https://registry.yarnpkg.com/create-hmac/-/create-hmac-1.1.7.tgz#69170c78b3ab957147b2b8b04572e47ead2243ff"
  dependencies:
    cipher-base "^1.0.3"
    create-hash "^1.1.0"
    inherits "^2.0.1"
    ripemd160 "^2.0.0"
    safe-buffer "^5.0.1"
    sha.js "^2.4.8"

debug@0.7.4:
  version "0.7.4"
  resolved "https://registry.yarnpkg.com/debug/-/debug-0.7.4.tgz#06e1ea8082c2cb14e39806e22e2f6f757f92af39"

debug@1.0.4:
  version "1.0.4"
  resolved "https://registry.yarnpkg.com/debug/-/debug-1.0.4.tgz#5b9c256bd54b6ec02283176fa8a0ede6d154cbf8"
  dependencies:
    ms "0.6.2"

engine.io-client@1.5.4:
  version "1.5.4"
  resolved "https://registry.yarnpkg.com/engine.io-client/-/engine.io-client-1.5.4.tgz#c6ad65a65752a29cb930c6911e579d2b28d1106c"
  dependencies:
    component-emitter "1.1.2"
    component-inherit "0.0.3"
    debug "1.0.4"
    engine.io-parser "1.2.2"
    has-cors "1.0.3"
    indexof "0.0.1"
    parsejson "0.0.1"
    parseqs "0.0.2"
    parseuri "0.0.4"
    ws "0.8.0"
    xmlhttprequest "https://github.com/rase-/node-XMLHttpRequest/archive/a6b6f2.tar.gz"

engine.io-parser@1.2.2:
  version "1.2.2"
  resolved "https://registry.yarnpkg.com/engine.io-parser/-/engine.io-parser-1.2.2.tgz#cd081041feea39c64323ff79b82a90a72afcccdd"
  dependencies:
    after "0.8.1"
    arraybuffer.slice "0.0.6"
    base64-arraybuffer "0.1.2"
    blob "0.0.4"
    has-binary "0.1.6"
    utf8 "2.1.0"

filetransfer@^2.0.4:
  version "2.0.5"
  resolved "https://registry.yarnpkg.com/filetransfer/-/filetransfer-2.0.5.tgz#887c8046fe546ec8ae815c3301a5c3135fa3b35d"
  dependencies:
    async "^0.9.0"
    iana-hashes "^1.0.0"
    wildemitter "1.x"

getscreenmedia@^4.0.0:
  version "4.1.1"
  resolved "https://registry.yarnpkg.com/getscreenmedia/-/getscreenmedia-4.1.1.tgz#1babce3afd2b3fc654b0e5e772272f9f33b04ddc"

"global@https://github.com/component/global/archive/v2.0.1.tar.gz":
  version "2.0.1"
  resolved "https://github.com/component/global/archive/v2.0.1.tar.gz#3fb25343fb66d79991b0f4a429ce3b54480eec3c"

hark@^1.0.0:
  version "1.2.0"
  resolved "https://registry.yarnpkg.com/hark/-/hark-1.2.0.tgz#154b528c190a0834920dbd58b3e659559044784a"
  dependencies:
    wildemitter "^1.2.0"

has-binary@0.1.6:
  version "0.1.6"
  resolved "https://registry.yarnpkg.com/has-binary/-/has-binary-0.1.6.tgz#25326f39cfa4f616ad8787894e3af2cfbc7b6e10"
  dependencies:
    isarray "0.0.1"

has-cors@1.0.3:
  version "1.0.3"
  resolved "https://registry.yarnpkg.com/has-cors/-/has-cors-1.0.3.tgz#502acb9b3104dac33dd2630eaf2f888b0baf4cb3"
  dependencies:
    global "https://github.com/component/global/archive/v2.0.1.tar.gz"

hash-base@^2.0.0:
  version "2.0.2"
  resolved "https://registry.yarnpkg.com/hash-base/-/hash-base-2.0.2.tgz#66ea1d856db4e8a5470cadf6fce23ae5244ef2e1"
  dependencies:
    inherits "^2.0.1"

hash-base@^3.0.0:
  version "3.0.4"
  resolved "https://registry.yarnpkg.com/hash-base/-/hash-base-3.0.4.tgz#5fc8686847ecd73499403319a6b0a3f3f6ae4918"
  dependencies:
    inherits "^2.0.1"
    safe-buffer "^5.0.1"

iana-hashes@^1.0.0:
  version "1.0.3"
  resolved "https://registry.yarnpkg.com/iana-hashes/-/iana-hashes-1.0.3.tgz#beaa6f20ea483f0f3adf5ffe6f594bb50c928caa"
  dependencies:
    create-hash "^1.1.0"
    create-hmac "^1.1.3"

indexof@0.0.1:
  version "0.0.1"
  resolved "https://registry.yarnpkg.com/indexof/-/indexof-0.0.1.tgz#82dc336d232b9062179d05ab3293a66059fd435d"

inherits@^2.0.1:
  version "2.0.3"
  resolved "https://registry.yarnpkg.com/inherits/-/inherits-2.0.3.tgz#633c2c83e3da42a502f52466022480f4208261de"

isarray@0.0.1:
  version "0.0.1"
  resolved "https://registry.yarnpkg.com/isarray/-/isarray-0.0.1.tgz#8a18acfca9a8f4177e09abfc6038939b05d1eedf"

json3@3.2.6:
  version "3.2.6"
  resolved "https://registry.yarnpkg.com/json3/-/json3-3.2.6.tgz#f6efc93c06a04de9aec53053df2559bb19e2038b"

localmedia@^4.0.0:
  version "4.0.2"
  resolved "https://registry.yarnpkg.com/localmedia/-/localmedia-4.0.2.tgz#1e6f3a0eeb2438921cea6cbaf7125915496125d7"
  dependencies:
    getscreenmedia "^4.0.0"
    hark "^1.0.0"
    mockconsole "0.0.x"
    wildemitter "^1.0.0"

lodash.clonedeep@^4.3.2:
  version "4.5.0"
  resolved "https://registry.yarnpkg.com/lodash.clonedeep/-/lodash.clonedeep-4.5.0.tgz#e23f3f9c4f8fbdde872529c1071857a086e5ccef"

md5.js@^1.3.4:
  version "1.3.4"
  resolved "https://registry.yarnpkg.com/md5.js/-/md5.js-1.3.4.tgz#e9bdbde94a20a5ac18b04340fc5764d5b09d901d"
  dependencies:
    hash-base "^3.0.0"
    inherits "^2.0.1"

mockconsole@0.0.1, mockconsole@0.0.x:
  version "0.0.1"
  resolved "https://registry.yarnpkg.com/mockconsole/-/mockconsole-0.0.1.tgz#d62a7ed85530964abcd24edb9f30fa58bbce56c6"

ms@0.6.2:
  version "0.6.2"
  resolved "https://registry.yarnpkg.com/ms/-/ms-0.6.2.tgz#d89c2124c6fdc1353d65a8b77bf1aac4b193708c"

nan@^2.0.5:
  version "2.10.0"
  resolved "https://registry.yarnpkg.com/nan/-/nan-2.10.0.tgz#96d0cd610ebd58d4b4de9cc0c6828cda99c7548f"

nan@~2.4.0:
  version "2.4.0"
  resolved "https://registry.yarnpkg.com/nan/-/nan-2.4.0.tgz#fb3c59d45fe4effe215f0b890f8adf6eb32d2232"

object-component@0.0.3:
  version "0.0.3"
  resolved "https://registry.yarnpkg.com/object-component/-/object-component-0.0.3.tgz#f0c69aa50efc95b866c186f400a33769cb2f1291"

options@>=0.0.5:
  version "0.0.6"
  resolved "https://registry.yarnpkg.com/options/-/options-0.0.6.tgz#ec22d312806bb53e731773e7cdaefcf1c643128f"

parsejson@0.0.1:
  version "0.0.1"
  resolved "https://registry.yarnpkg.com/parsejson/-/parsejson-0.0.1.tgz#9b10c6c0d825ab589e685153826de0a3ba278bcc"
  dependencies:
    better-assert "~1.0.0"

parseqs@0.0.2:
  version "0.0.2"
  resolved "https://registry.yarnpkg.com/parseqs/-/parseqs-0.0.2.tgz#9dfe70b2cddac388bde4f35b1f240fa58adbe6c7"
  dependencies:
    better-assert "~1.0.0"

parseuri@0.0.2:
  version "0.0.2"
  resolved "https://registry.yarnpkg.com/parseuri/-/parseuri-0.0.2.tgz#db41878f2d6964718be870b3140973d8093be156"
  dependencies:
    better-assert "~1.0.0"

parseuri@0.0.4:
  version "0.0.4"
  resolved "https://registry.yarnpkg.com/parseuri/-/parseuri-0.0.4.tgz#806582a39887e1ea18dd5e2fe0e01902268e9350"
  dependencies:
    better-assert "~1.0.0"

ripemd160@^2.0.0, ripemd160@^2.0.1:
  version "2.0.1"
  resolved "https://registry.yarnpkg.com/ripemd160/-/ripemd160-2.0.1.tgz#0f4584295c53a3628af7e6d79aca21ce57d1c6e7"
  dependencies:
    hash-base "^2.0.0"
    inherits "^2.0.1"

rtcpeerconnection@^8.0.0:
  version "8.3.0"
  resolved "https://registry.yarnpkg.com/rtcpeerconnection/-/rtcpeerconnection-8.3.0.tgz#6cdb7f9d3f58978a22bf64c4d55c3a856677bcd6"
  dependencies:
    lodash.clonedeep "^4.3.2"
    sdp-jingle-json "^3.0.0"
    wildemitter "1.x"

safe-buffer@^5.0.1:
  version "5.1.1"
  resolved "https://registry.yarnpkg.com/safe-buffer/-/safe-buffer-5.1.1.tgz#893312af69b2123def71f57889001671eeb2c853"

sdp-jingle-json@^3.0.0:
  version "3.0.2"
  resolved "https://registry.yarnpkg.com/sdp-jingle-json/-/sdp-jingle-json-3.0.2.tgz#c0900f51537f6cf7f199866936fd1c990c67788e"

sha.js@^2.4.0, sha.js@^2.4.8:
  version "2.4.11"
  resolved "https://registry.yarnpkg.com/sha.js/-/sha.js-2.4.11.tgz#37a5cf0b81ecbc6943de109ba2960d1b26584ae7"
  dependencies:
    inherits "^2.0.1"
    safe-buffer "^5.0.1"

simplewebrtc@^3.0.1:
  version "3.0.1"
  resolved "https://registry.yarnpkg.com/simplewebrtc/-/simplewebrtc-3.0.1.tgz#26d41263341631d2af69e32e612da98109f02601"
  dependencies:
    attachmediastream "^2.0.0"
    filetransfer "^2.0.4"
    localmedia "^4.0.0"
    mockconsole "0.0.1"
    rtcpeerconnection "^8.0.0"
    socket.io-client "1.3.7"
    webrtcsupport "^2.2.0"
    wildemitter "^1.2.0"

socket.io-client@1.3.7:
  version "1.3.7"
  resolved "https://registry.yarnpkg.com/socket.io-client/-/socket.io-client-1.3.7.tgz#7ab7c069b8d50425eb265f031f84a97e6ebe719c"
  dependencies:
    backo2 "1.0.2"
    component-bind "1.0.0"
    component-emitter "1.1.2"
    debug "0.7.4"
    engine.io-client "1.5.4"
    has-binary "0.1.6"
    indexof "0.0.1"
    object-component "0.0.3"
    parseuri "0.0.2"
    socket.io-parser "2.2.4"
    to-array "0.1.3"

socket.io-parser@2.2.4:
  version "2.2.4"
  resolved "https://registry.yarnpkg.com/socket.io-parser/-/socket.io-parser-2.2.4.tgz#f9ce19bf1909608ceb15d97721e23bfdd1e7cf65"
  dependencies:
    benchmark "1.0.0"
    component-emitter "1.1.2"
    debug "0.7.4"
    isarray "0.0.1"
    json3 "3.2.6"

to-array@0.1.3:
  version "0.1.3"
  resolved "https://registry.yarnpkg.com/to-array/-/to-array-0.1.3.tgz#d45dadc6363417f60f28474fea50ecddbb4f4991"

ultron@1.0.x:
  version "1.0.2"
  resolved "https://registry.yarnpkg.com/ultron/-/ultron-1.0.2.tgz#ace116ab557cd197386a4e88f4685378c8b2e4fa"

utf-8-validate@1.2.x:
  version "1.2.2"
  resolved "https://registry.yarnpkg.com/utf-8-validate/-/utf-8-validate-1.2.2.tgz#8bb871a4741e085c70487ca7acdbd7d6d36029eb"
  dependencies:
    bindings "~1.2.1"
    nan "~2.4.0"

utf8@2.1.0:
  version "2.1.0"
  resolved "https://registry.yarnpkg.com/utf8/-/utf8-2.1.0.tgz#0cfec5c8052d44a23e3aaa908104e8075f95dfd5"

webrtcsupport@^2.2.0:
  version "2.2.0"
  resolved "https://registry.yarnpkg.com/webrtcsupport/-/webrtcsupport-2.2.0.tgz#32d8c9608725ada352af0ab6abf21acab5182aa6"

wildemitter@1.x, wildemitter@^1.0.0, wildemitter@^1.2.0:
  version "1.2.0"
  resolved "https://registry.yarnpkg.com/wildemitter/-/wildemitter-1.2.0.tgz#29dd3a72d699c3e279dd021c3cd2150b82c9a211"

ws@0.8.0:
  version "0.8.0"
  resolved "https://registry.yarnpkg.com/ws/-/ws-0.8.0.tgz#ac60ebad312121d01e16cc3383d7ec67ad0f0f1f"
  dependencies:
    options ">=0.0.5"
    ultron "1.0.x"
  optionalDependencies:
    bufferutil "1.2.x"
    utf-8-validate "1.2.x"

"xmlhttprequest@https://github.com/rase-/node-XMLHttpRequest/archive/a6b6f2.tar.gz":
  version "1.5.0"
  resolved "https://github.com/rase-/node-XMLHttpRequest/archive/a6b6f2.tar.gz#20cafa5caa55f6db6bfaee849d1eb60ee43a5fca"
